
Microsoft Visual Studio Solution File, Format Version 12.00
# Visual Studio Version 16
VisualStudioVersion = 16.0.29609.76
MinimumVisualStudioVersion = 10.0.40219.1
Project("{9A19103F-16F7-4668-BE54-9A1E7A4F7556}") = "Archimedes.Library", "Archimedes.Library.Domain\Archimedes.Library.csproj", "{F390A70B-F3E9-4B94-864D-38BC14398FE2}"
EndProject
Global
	GlobalSection(SolutionConfigurationPlatforms) = preSolution
		Debug|Any CPU = Debug|Any CPU
		Release|Any CPU = Release|Any CPU
	EndGlobalSection
	GlobalSection(ProjectConfigurationPlatforms) = postSolution
		{F390A70B-F3E9-4B94-864D-38BC14398FE2}.Debug|Any CPU.ActiveCfg = Debug|Any CPU
		{F390A70B-F3E9-4B94-864D-38BC14398FE2}.Debug|Any CPU.Build.0 = Debug|Any CPU
		{F390A70B-F3E9-4B94-864D-38BC14398FE2}.Release|Any CPU.ActiveCfg = Release|Any CPU
		{F390A70B-F3E9-4B94-864D-38BC14398FE2}.Release|Any CPU.Build.0 = Release|Any CPU
	EndGlobalSection
	GlobalSection(SolutionProperties) = preSolution
		HideSolutionNode = FALSE
	EndGlobalSection
	GlobalSection(ExtensibilityGlobals) = postSolution
		SolutionGuid = {19573A5F-9371-4EF1-A336-CCF6D01CF3CD}
	EndGlobalSection
EndGlobal
